
Microsoft Visual Studio Solution File, Format Version 12.00
# Visual Studio Version 16
VisualStudioVersion = 16.0.31911.196
MinimumVisualStudioVersion = 10.0.40219.1
Project("{FAE04EC0-301F-11D3-BF4B-00C04F79EFBC}") = "sztf4", "sztf4\sztf4.csproj", "{F166BB36-8C87-469D-942E-6476D9F1176D}"
EndProject
Global
	GlobalSection(SolutionConfigurationPlatforms) = preSolution
		Debug|Any CPU = Debug|Any CPU
		Release|Any CPU = Release|Any CPU
	EndGlobalSection
	GlobalSection(ProjectConfigurationPlatforms) = postSolution
		{F166BB36-8C87-469D-942E-6476D9F1176D}.Debug|Any CPU.ActiveCfg = Debug|Any CPU
		{F166BB36-8C87-469D-942E-6476D9F1176D}.Debug|Any CPU.Build.0 = Debug|Any CPU
		{F166BB36-8C87-469D-942E-6476D9F1176D}.Release|Any CPU.ActiveCfg = Release|Any CPU
		{F166BB36-8C87-469D-942E-6476D9F1176D}.Release|Any CPU.Build.0 = Release|Any CPU
	EndGlobalSection
	GlobalSection(SolutionProperties) = preSolution
		HideSolutionNode = FALSE
	EndGlobalSection
	GlobalSection(ExtensibilityGlobals) = postSolution
		SolutionGuid = {6510C502-3C0B-49A4-BD87-14A9B686D5C8}
	EndGlobalSection
EndGlobal
